// !$*UTF8*$!
{
	archiveVersion = 1;
	classes = {
	};
	objectVersion = 56;
	objects = {

/* Begin PBXBuildFile section */
		18D75EB82A19319600DF6F99 /* postcardApp.swift in Sources */ = {isa = PBXBuildFile; fileRef = 18D75EB72A19319600DF6F99 /* postcardApp.swift */; };
		18D75EBA2A19319600DF6F99 /* ContentView.swift in Sources */ = {isa = PBXBuildFile; fileRef = 18D75EB92A19319600DF6F99 /* ContentView.swift */; };
		18D75EBC2A19319800DF6F99 /* Assets.xcassets in Resources */ = {isa = PBXBuildFile; fileRef = 18D75EBB2A19319800DF6F99 /* Assets.xcassets */; };
		18D75EBF2A19319800DF6F99 /* Preview Assets.xcassets in Resources */ = {isa = PBXBuildFile; fileRef = 18D75EBE2A19319800DF6F99 /* Preview Assets.xcassets */; };
		18D75EC62A19612A00DF6F99 /* WebView.swift in Sources */ = {isa = PBXBuildFile; fileRef = 18D75EC52A19612A00DF6F99 /* WebView.swift */; };
		18D75EC82A19630100DF6F99 /* DataManager.swift in Sources */ = {isa = PBXBuildFile; fileRef = 18D75EC72A19630100DF6F99 /* DataManager.swift */; };
		18D75ECB2A1966D000DF6F99 /* Supabase in Frameworks */ = {isa = PBXBuildFile; productRef = 18D75ECA2A1966D000DF6F99 /* Supabase */; };
		18D75ECD2A1973A600DF6F99 /* Models.swift in Sources */ = {isa = PBXBuildFile; fileRef = 18D75ECC2A1973A600DF6F99 /* Models.swift */; };
		18D75ECF2A1A6F3500DF6F99 /* _Secrets.swift in Sources */ = {isa = PBXBuildFile; fileRef = 18D75ECE2A1A6F3500DF6F99 /* _Secrets.swift */; };
		DC2F98AC2A1B234C00CF4289 /* iAWriterMonoS-Regular.ttf in Resources */ = {isa = PBXBuildFile; fileRef = DC2F98AA2A1B234C00CF4289 /* iAWriterMonoS-Regular.ttf */; };
		DC2F98AD2A1B234C00CF4289 /* iAWriterMonoS-Bold.ttf in Resources */ = {isa = PBXBuildFile; fileRef = DC2F98AB2A1B234C00CF4289 /* iAWriterMonoS-Bold.ttf */; };
/* End PBXBuildFile section */

/* Begin PBXFileReference section */
		18D75EB42A19319600DF6F99 /* postcard.app */ = {isa = PBXFileReference; explicitFileType = wrapper.application; includeInIndex = 0; path = postcard.app; sourceTree = BUILT_PRODUCTS_DIR; };
		18D75EB72A19319600DF6F99 /* postcardApp.swift */ = {isa = PBXFileReference; lastKnownFileType = sourcecode.swift; path = postcardApp.swift; sourceTree = "<group>"; };
		18D75EB92A19319600DF6F99 /* ContentView.swift */ = {isa = PBXFileReference; lastKnownFileType = sourcecode.swift; path = ContentView.swift; sourceTree = "<group>"; };
		18D75EBB2A19319800DF6F99 /* Assets.xcassets */ = {isa = PBXFileReference; lastKnownFileType = folder.assetcatalog; path = Assets.xcassets; sourceTree = "<group>"; };
		18D75EBE2A19319800DF6F99 /* Preview Assets.xcassets */ = {isa = PBXFileReference; lastKnownFileType = folder.assetcatalog; path = "Preview Assets.xcassets"; sourceTree = "<group>"; };
		18D75EC52A19612A00DF6F99 /* WebView.swift */ = {isa = PBXFileReference; lastKnownFileType = sourcecode.swift; path = WebView.swift; sourceTree = "<group>"; };
		18D75EC72A19630100DF6F99 /* DataManager.swift */ = {isa = PBXFileReference; lastKnownFileType = sourcecode.swift; path = DataManager.swift; sourceTree = "<group>"; };
		18D75ECC2A1973A600DF6F99 /* Models.swift */ = {isa = PBXFileReference; lastKnownFileType = sourcecode.swift; path = Models.swift; sourceTree = "<group>"; };
		18D75ECE2A1A6F3500DF6F99 /* _Secrets.swift */ = {isa = PBXFileReference; lastKnownFileType = sourcecode.swift; path = _Secrets.swift; sourceTree = "<group>"; };
		DC2F98AA2A1B234C00CF4289 /* iAWriterMonoS-Regular.ttf */ = {isa = PBXFileReference; lastKnownFileType = file; name = "iAWriterMonoS-Regular.ttf"; path = "../../../../../Library/Fonts/iAWriterMonoS-Regular.ttf"; sourceTree = "<group>"; };
		DC2F98AB2A1B234C00CF4289 /* iAWriterMonoS-Bold.ttf */ = {isa = PBXFileReference; lastKnownFileType = file; name = "iAWriterMonoS-Bold.ttf"; path = "../../../../../Library/Fonts/iAWriterMonoS-Bold.ttf"; sourceTree = "<group>"; };
		DC2F98AE2A1B236B00CF4289 /* Info.plist */ = {isa = PBXFileReference; lastKnownFileType = text.plist.xml; path = Info.plist; sourceTree = "<group>"; };
/* End PBXFileReference section */

/* Begin PBXFrameworksBuildPhase section */
		18D75EB12A19319600DF6F99 /* Frameworks */ = {
			isa = PBXFrameworksBuildPhase;
			buildActionMask = 2147483647;
			files = (
				18D75ECB2A1966D000DF6F99 /* Supabase in Frameworks */,
			);
			runOnlyForDeploymentPostprocessing = 0;
		};
/* End PBXFrameworksBuildPhase section */

/* Begin PBXGroup section */
		18D75EAB2A19319600DF6F99 = {
			isa = PBXGroup;
			children = (
				18D75EB62A19319600DF6F99 /* postcard */,
				18D75EB52A19319600DF6F99 /* Products */,
			);
			sourceTree = "<group>";
		};
		18D75EB52A19319600DF6F99 /* Products */ = {
			isa = PBXGroup;
			children = (
				18D75EB42A19319600DF6F99 /* postcard.app */,
			);
			name = Products;
			sourceTree = "<group>";
		};
		18D75EB62A19319600DF6F99 /* postcard */ = {
			isa = PBXGroup;
			children = (
				DC2F98AE2A1B236B00CF4289 /* Info.plist */,
				DC2F98AB2A1B234C00CF4289 /* iAWriterMonoS-Bold.ttf */,
				DC2F98AA2A1B234C00CF4289 /* iAWriterMonoS-Regular.ttf */,
				18D75EC52A19612A00DF6F99 /* WebView.swift */,
				18D75EB72A19319600DF6F99 /* postcardApp.swift */,
				18D75EC72A19630100DF6F99 /* DataManager.swift */,
				18D75ECC2A1973A600DF6F99 /* Models.swift */,
				18D75EB92A19319600DF6F99 /* ContentView.swift */,
				18D75ECE2A1A6F3500DF6F99 /* _Secrets.swift */,
				18D75EBB2A19319800DF6F99 /* Assets.xcassets */,
				18D75EBD2A19319800DF6F99 /* Preview Content */,
			);
			path = postcard;
			sourceTree = "<group>";
		};
		18D75EBD2A19319800DF6F99 /* Preview Content */ = {
			isa = PBXGroup;
			children = (
				18D75EBE2A19319800DF6F99 /* Preview Assets.xcassets */,
			);
			path = "Preview Content";
			sourceTree = "<group>";
		};
/* End PBXGroup section */

/* Begin PBXNativeTarget section */
		18D75EB32A19319600DF6F99 /* postcard */ = {
			isa = PBXNativeTarget;
			buildConfigurationList = 18D75EC22A19319800DF6F99 /* Build configuration list for PBXNativeTarget "postcard" */;
			buildPhases = (
				18D75EB02A19319600DF6F99 /* Sources */,
				18D75EB12A19319600DF6F99 /* Frameworks */,
				18D75EB22A19319600DF6F99 /* Resources */,
			);
			buildRules = (
			);
			dependencies = (
			);
			name = postcard;
			packageProductDependencies = (
				18D75ECA2A1966D000DF6F99 /* Supabase */,
			);
			productName = postcard;
			productReference = 18D75EB42A19319600DF6F99 /* postcard.app */;
			productType = "com.apple.product-type.application";
		};
/* End PBXNativeTarget section */

/* Begin PBXProject section */
		18D75EAC2A19319600DF6F99 /* Project object */ = {
			isa = PBXProject;
			attributes = {
				BuildIndependentTargetsInParallel = 1;
				LastSwiftUpdateCheck = 1430;
				LastUpgradeCheck = 1430;
				TargetAttributes = {
					18D75EB32A19319600DF6F99 = {
						CreatedOnToolsVersion = 14.3;
					};
				};
			};
			buildConfigurationList = 18D75EAF2A19319600DF6F99 /* Build configuration list for PBXProject "postcard" */;
			compatibilityVersion = "Xcode 14.0";
			developmentRegion = en;
			hasScannedForEncodings = 0;
			knownRegions = (
				en,
				Base,
			);
			mainGroup = 18D75EAB2A19319600DF6F99;
			packageReferences = (
				18D75EC92A1966D000DF6F99 /* XCRemoteSwiftPackageReference "supabase-swift" */,
			);
			productRefGroup = 18D75EB52A19319600DF6F99 /* Products */;
			projectDirPath = "";
			projectRoot = "";
			targets = (
				18D75EB32A19319600DF6F99 /* postcard */,
			);
		};
/* End PBXProject section */

/* Begin PBXResourcesBuildPhase section */
		18D75EB22A19319600DF6F99 /* Resources */ = {
			isa = PBXResourcesBuildPhase;
			buildActionMask = 2147483647;
			files = (
				DC2F98AC2A1B234C00CF4289 /* iAWriterMonoS-Regular.ttf in Resources */,
				18D75EBF2A19319800DF6F99 /* Preview Assets.xcassets in Resources */,
				18D75EBC2A19319800DF6F99 /* Assets.xcassets in Resources */,
				DC2F98AD2A1B234C00CF4289 /* iAWriterMonoS-Bold.ttf in Resources */,
			);
			runOnlyForDeploymentPostprocessing = 0;
		};
/* End PBXResourcesBuildPhase section */

/* Begin PBXSourcesBuildPhase section */
		18D75EB02A19319600DF6F99 /* Sources */ = {
			isa = PBXSourcesBuildPhase;
			buildActionMask = 2147483647;
			files = (
				18D75EC62A19612A00DF6F99 /* WebView.swift in Sources */,
				18D75ECF2A1A6F3500DF6F99 /* _Secrets.swift in Sources */,
				18D75EC82A19630100DF6F99 /* DataManager.swift in Sources */,
				18D75EBA2A19319600DF6F99 /* ContentView.swift in Sources */,
				18D75EB82A19319600DF6F99 /* postcardApp.swift in Sources */,
				18D75ECD2A1973A600DF6F99 /* Models.swift in Sources */,
			);
			runOnlyForDeploymentPostprocessing = 0;
		};
/* End PBXSourcesBuildPhase section */

/* Begin XCBuildConfiguration section */
		18D75EC02A19319800DF6F99 /* Debug */ = {
			isa = XCBuildConfiguration;
			buildSettings = {
				ALWAYS_SEARCH_USER_PATHS = NO;
				CLANG_ANALYZER_NONNULL = YES;
				CLANG_ANALYZER_NUMBER_OBJECT_CONVERSION = YES_AGGRESSIVE;
				CLANG_CXX_LANGUAGE_STANDARD = "gnu++20";
				CLANG_ENABLE_MODULES = YES;
				CLANG_ENABLE_OBJC_ARC = YES;
				CLANG_ENABLE_OBJC_WEAK = YES;
				CLANG_WARN_BLOCK_CAPTURE_AUTORELEASING = YES;
				CLANG_WARN_BOOL_CONVERSION = YES;
				CLANG_WARN_COMMA = YES;
				CLANG_WARN_CONSTANT_CONVERSION = YES;
				CLANG_WARN_DEPRECATED_OBJC_IMPLEMENTATIONS = YES;
				CLANG_WARN_DIRECT_OBJC_ISA_USAGE = YES_ERROR;
				CLANG_WARN_DOCUMENTATION_COMMENTS = YES;
				CLANG_WARN_EMPTY_BODY = YES;
				CLANG_WARN_ENUM_CONVERSION = YES;
				CLANG_WARN_INFINITE_RECURSION = YES;
				CLANG_WARN_INT_CONVERSION = YES;
				CLANG_WARN_NON_LITERAL_NULL_CONVERSION = YES;
				CLANG_WARN_OBJC_IMPLICIT_RETAIN_SELF = YES;
				CLANG_WARN_OBJC_LITERAL_CONVERSION = YES;
				CLANG_WARN_OBJC_ROOT_CLASS = YES_ERROR;
				CLANG_WARN_QUOTED_INCLUDE_IN_FRAMEWORK_HEADER = YES;
				CLANG_WARN_RANGE_LOOP_ANALYSIS = YES;
				CLANG_WARN_STRICT_PROTOTYPES = YES;
				CLANG_WARN_SUSPICIOUS_MOVE = YES;
				CLANG_WARN_UNGUARDED_AVAILABILITY = YES_AGGRESSIVE;
				CLANG_WARN_UNREACHABLE_CODE = YES;
				CLANG_WARN__DUPLICATE_METHOD_MATCH = YES;
				COPY_PHASE_STRIP = NO;
				DEBUG_INFORMATION_FORMAT = dwarf;
				ENABLE_STRICT_OBJC_MSGSEND = YES;
				ENABLE_TESTABILITY = YES;
				GCC_C_LANGUAGE_STANDARD = gnu11;
				GCC_DYNAMIC_NO_PIC = NO;
				GCC_NO_COMMON_BLOCKS = YES;
				GCC_OPTIMIZATION_LEVEL = 0;
				GCC_PREPROCESSOR_DEFINITIONS = (
					"DEBUG=1",
					"$(inherited)",
				);
				GCC_WARN_64_TO_32_BIT_CONVERSION = YES;
				GCC_WARN_ABOUT_RETURN_TYPE = YES_ERROR;
				GCC_WARN_UNDECLARED_SELECTOR = YES;
				GCC_WARN_UNINITIALIZED_AUTOS = YES_AGGRESSIVE;
				GCC_WARN_UNUSED_FUNCTION = YES;
				GCC_WARN_UNUSED_VARIABLE = YES;
				IPHONEOS_DEPLOYMENT_TARGET = 16.4;
				MTL_ENABLE_DEBUG_INFO = INCLUDE_SOURCE;
				MTL_FAST_MATH = YES;
				ONLY_ACTIVE_ARCH = YES;
				SDKROOT = iphoneos;
				SWIFT_ACTIVE_COMPILATION_CONDITIONS = DEBUG;
				SWIFT_OPTIMIZATION_LEVEL = "-Onone";
			};
			name = Debug;
		};
		18D75EC12A19319800DF6F99 /* Release */ = {
			isa = XCBuildConfiguration;
			buildSettings = {
				ALWAYS_SEARCH_USER_PATHS = NO;
				CLANG_ANALYZER_NONNULL = YES;
				CLANG_ANALYZER_NUMBER_OBJECT_CONVERSION = YES_AGGRESSIVE;
				CLANG_CXX_LANGUAGE_STANDARD = "gnu++20";
				CLANG_ENABLE_MODULES = YES;
				CLANG_ENABLE_OBJC_ARC = YES;
				CLANG_ENABLE_OBJC_WEAK = YES;
				CLANG_WARN_BLOCK_CAPTURE_AUTORELEASING = YES;
				CLANG_WARN_BOOL_CONVERSION = YES;
				CLANG_WARN_COMMA = YES;
				CLANG_WARN_CONSTANT_CONVERSION = YES;
				CLANG_WARN_DEPRECATED_OBJC_IMPLEMENTATIONS = YES;
				CLANG_WARN_DIRECT_OBJC_ISA_USAGE = YES_ERROR;
				CLANG_WARN_DOCUMENTATION_COMMENTS = YES;
				CLANG_WARN_EMPTY_BODY = YES;
				CLANG_WARN_ENUM_CONVERSION = YES;
				CLANG_WARN_INFINITE_RECURSION = YES;
				CLANG_WARN_INT_CONVERSION = YES;
				CLANG_WARN_NON_LITERAL_NULL_CONVERSION = YES;
				CLANG_WARN_OBJC_IMPLICIT_RETAIN_SELF = YES;
				CLANG_WARN_OBJC_LITERAL_CONVERSION = YES;
				CLANG_WARN_OBJC_ROOT_CLASS = YES_ERROR;
				CLANG_WARN_QUOTED_INCLUDE_IN_FRAMEWORK_HEADER = YES;
				CLANG_WARN_RANGE_LOOP_ANALYSIS = YES;
				CLANG_WARN_STRICT_PROTOTYPES = YES;
				CLANG_WARN_SUSPICIOUS_MOVE = YES;
				CLANG_WARN_UNGUARDED_AVAILABILITY = YES_AGGRESSIVE;
				CLANG_WARN_UNREACHABLE_CODE = YES;
				CLANG_WARN__DUPLICATE_METHOD_MATCH = YES;
				COPY_PHASE_STRIP = NO;
				DEBUG_INFORMATION_FORMAT = "dwarf-with-dsym";
				ENABLE_NS_ASSERTIONS = NO;
				ENABLE_STRICT_OBJC_MSGSEND = YES;
				GCC_C_LANGUAGE_STANDARD = gnu11;
				GCC_NO_COMMON_BLOCKS = YES;
				GCC_WARN_64_TO_32_BIT_CONVERSION = YES;
				GCC_WARN_ABOUT_RETURN_TYPE = YES_ERROR;
				GCC_WARN_UNDECLARED_SELECTOR = YES;
				GCC_WARN_UNINITIALIZED_AUTOS = YES_AGGRESSIVE;
				GCC_WARN_UNUSED_FUNCTION = YES;
				GCC_WARN_UNUSED_VARIABLE = YES;
				IPHONEOS_DEPLOYMENT_TARGET = 16.4;
				MTL_ENABLE_DEBUG_INFO = NO;
				MTL_FAST_MATH = YES;
				SDKROOT = iphoneos;
				SWIFT_COMPILATION_MODE = wholemodule;
				SWIFT_OPTIMIZATION_LEVEL = "-O";
				VALIDATE_PRODUCT = YES;
			};
			name = Release;
		};
		18D75EC32A19319800DF6F99 /* Debug */ = {
			isa = XCBuildConfiguration;
			buildSettings = {
				ASSETCATALOG_COMPILER_APPICON_NAME = AppIcon;
				ASSETCATALOG_COMPILER_GLOBAL_ACCENT_COLOR_NAME = AccentColor;
				CODE_SIGN_STYLE = Automatic;
				CURRENT_PROJECT_VERSION = 1;
				DEVELOPMENT_ASSET_PATHS = "\"postcard/Preview Content\"";
				ENABLE_PREVIEWS = YES;
				GENERATE_INFOPLIST_FILE = YES;
				INFOPLIST_FILE = postcard/Info.plist;
				INFOPLIST_KEY_LSApplicationCategoryType = "";
				INFOPLIST_KEY_UIApplicationSceneManifest_Generation = YES;
				INFOPLIST_KEY_UIApplicationSupportsIndirectInputEvents = YES;
				INFOPLIST_KEY_UILaunchScreen_Generation = YES;
				INFOPLIST_KEY_UISupportedInterfaceOrientations_iPad = "UIInterfaceOrientationPortrait UIInterfaceOrientationPortraitUpsideDown UIInterfaceOrientationLandscapeLeft UIInterfaceOrientationLandscapeRight";
				INFOPLIST_KEY_UISupportedInterfaceOrientations_iPhone = "UIInterfaceOrientationPortrait UIInterfaceOrientationLandscapeLeft UIInterfaceOrientationLandscapeRight";
				IPHONEOS_DEPLOYMENT_TARGET = 15.0;
				LD_RUNPATH_SEARCH_PATHS = (
					"$(inherited)",
					"@executable_path/Frameworks",
				);
				MARKETING_VERSION = 1.0;
				PRODUCT_BUNDLE_IDENTIFIER = fridgetechllc.postcard;
				PRODUCT_NAME = "$(TARGET_NAME)";
				SWIFT_EMIT_LOC_STRINGS = YES;
				SWIFT_VERSION = 5.0;
				TARGETED_DEVICE_FAMILY = "1,2";
			};
			name = Debug;
		};
		18D75EC42A19319800DF6F99 /* Release */ = {
			isa = XCBuildConfiguration;
			buildSettings = {
				ASSETCATALOG_COMPILER_APPICON_NAME = AppIcon;
				ASSETCATALOG_COMPILER_GLOBAL_ACCENT_COLOR_NAME = AccentColor;
				CODE_SIGN_STYLE = Automatic;
				CURRENT_PROJECT_VERSION = 1;
				DEVELOPMENT_ASSET_PATHS = "\"postcard/Preview Content\"";
				ENABLE_PREVIEWS = YES;
				GENERATE_INFOPLIST_FILE = YES;
				INFOPLIST_FILE = postcard/Info.plist;
				INFOPLIST_KEY_LSApplicationCategoryType = "";
				INFOPLIST_KEY_UIApplicationSceneManifest_Generation = YES;
				INFOPLIST_KEY_UIApplicationSupportsIndirectInputEvents = YES;
				INFOPLIST_KEY_UILaunchScreen_Generation = YES;
				INFOPLIST_KEY_UISupportedInterfaceOrientations_iPad = "UIInterfaceOrientationPortrait UIInterfaceOrientationPortraitUpsideDown UIInterfaceOrientationLandscapeLeft UIInterfaceOrientationLandscapeRight";
				INFOPLIST_KEY_UISupportedInterfaceOrientations_iPhone = "UIInterfaceOrientationPortrait UIInterfaceOrientationLandscapeLeft UIInterfaceOrientationLandscapeRight";
				IPHONEOS_DEPLOYMENT_TARGET = 15.0;
				LD_RUNPATH_SEARCH_PATHS = (
					"$(inherited)",
					"@executable_path/Frameworks",
				);
				MARKETING_VERSION = 1.0;
				PRODUCT_BUNDLE_IDENTIFIER = fridgetechllc.postcard;
				PRODUCT_NAME = "$(TARGET_NAME)";
				SWIFT_EMIT_LOC_STRINGS = YES;
				SWIFT_VERSION = 5.0;
				TARGETED_DEVICE_FAMILY = "1,2";
			};
			name = Release;
		};
/* End XCBuildConfiguration section */

/* Begin XCConfigurationList section */
		18D75EAF2A19319600DF6F99 /* Build configuration list for PBXProject "postcard" */ = {
			isa = XCConfigurationList;
			buildConfigurations = (
				18D75EC02A19319800DF6F99 /* Debug */,
				18D75EC12A19319800DF6F99 /* Release */,
			);
			defaultConfigurationIsVisible = 0;
			defaultConfigurationName = Release;
		};
		18D75EC22A19319800DF6F99 /* Build configuration list for PBXNativeTarget "postcard" */ = {
			isa = XCConfigurationList;
			buildConfigurations = (
				18D75EC32A19319800DF6F99 /* Debug */,
				18D75EC42A19319800DF6F99 /* Release */,
			);
			defaultConfigurationIsVisible = 0;
			defaultConfigurationName = Release;
		};
/* End XCConfigurationList section */

/* Begin XCRemoteSwiftPackageReference section */
		18D75EC92A1966D000DF6F99 /* XCRemoteSwiftPackageReference "supabase-swift" */ = {
			isa = XCRemoteSwiftPackageReference;
			repositoryURL = "https://github.com/supabase/supabase-swift.git";
			requirement = {
				kind = upToNextMajorVersion;
				minimumVersion = 0.2.1;
			};
		};
/* End XCRemoteSwiftPackageReference section */

/* Begin XCSwiftPackageProductDependency section */
		18D75ECA2A1966D000DF6F99 /* Supabase */ = {
			isa = XCSwiftPackageProductDependency;
			package = 18D75EC92A1966D000DF6F99 /* XCRemoteSwiftPackageReference "supabase-swift" */;
			productName = Supabase;
		};
/* End XCSwiftPackageProductDependency section */
	};
	rootObject = 18D75EAC2A19319600DF6F99 /* Project object */;
}
